
Microsoft Visual Studio Solution File, Format Version 12.00
# Visual Studio Version 17
VisualStudioVersion = 17.12.35424.110
MinimumVisualStudioVersion = 10.0.40219.1
Project("{FAE04EC0-301F-11D3-BF4B-00C04F79EFBC}") = "assignment.Server", "assignment.Server\assignment.Server.csproj", "{D3B2F9EA-0B60-4BD6-8286-1C9749A99B8A}"
EndProject
Project("{54A90642-561A-4BB1-A94E-469ADEE60C69}") = "assignment.client", "assignment.client\assignment.client.esproj", "{0195CF07-B29F-414E-9ED3-B136BC5329EE}"
EndProject
Global
	GlobalSection(SolutionConfigurationPlatforms) = preSolution
		Debug|Any CPU = Debug|Any CPU
		Release|Any CPU = Release|Any CPU
	EndGlobalSection
	GlobalSection(ProjectConfigurationPlatforms) = postSolution
		{D3B2F9EA-0B60-4BD6-8286-1C9749A99B8A}.Debug|Any CPU.ActiveCfg = Debug|Any CPU
		{D3B2F9EA-0B60-4BD6-8286-1C9749A99B8A}.Debug|Any CPU.Build.0 = Debug|Any CPU
		{D3B2F9EA-0B60-4BD6-8286-1C9749A99B8A}.Release|Any CPU.ActiveCfg = Release|Any CPU
		{D3B2F9EA-0B60-4BD6-8286-1C9749A99B8A}.Release|Any CPU.Build.0 = Release|Any CPU
		{0195CF07-B29F-414E-9ED3-B136BC5329EE}.Debug|Any CPU.ActiveCfg = Debug|Any CPU
		{0195CF07-B29F-414E-9ED3-B136BC5329EE}.Debug|Any CPU.Build.0 = Debug|Any CPU
		{0195CF07-B29F-414E-9ED3-B136BC5329EE}.Debug|Any CPU.Deploy.0 = Debug|Any CPU
		{0195CF07-B29F-414E-9ED3-B136BC5329EE}.Release|Any CPU.ActiveCfg = Release|Any CPU
		{0195CF07-B29F-414E-9ED3-B136BC5329EE}.Release|Any CPU.Build.0 = Release|Any CPU
		{0195CF07-B29F-414E-9ED3-B136BC5329EE}.Release|Any CPU.Deploy.0 = Release|Any CPU
	EndGlobalSection
	GlobalSection(SolutionProperties) = preSolution
		HideSolutionNode = FALSE
	EndGlobalSection
EndGlobal
